
Microsoft Visual Studio Solution File, Format Version 12.00
# Visual Studio Version 17
VisualStudioVersion = 17.4.33403.182
MinimumVisualStudioVersion = 10.0.40219.1
Project("{FAE04EC0-301F-11D3-BF4B-00C04F79EFBC}") = "SignalRProject", "SignalRProject\SignalRProject.csproj", "{55D312DE-8343-45C8-9C1B-A06F12CC1EB8}"
EndProject
Global
	GlobalSection(SolutionConfigurationPlatforms) = preSolution
		Debug|Any CPU = Debug|Any CPU
		Release|Any CPU = Release|Any CPU
	EndGlobalSection
	GlobalSection(ProjectConfigurationPlatforms) = postSolution
		{55D312DE-8343-45C8-9C1B-A06F12CC1EB8}.Debug|Any CPU.ActiveCfg = Debug|Any CPU
		{55D312DE-8343-45C8-9C1B-A06F12CC1EB8}.Debug|Any CPU.Build.0 = Debug|Any CPU
		{55D312DE-8343-45C8-9C1B-A06F12CC1EB8}.Release|Any CPU.ActiveCfg = Release|Any CPU
		{55D312DE-8343-45C8-9C1B-A06F12CC1EB8}.Release|Any CPU.Build.0 = Release|Any CPU
	EndGlobalSection
	GlobalSection(SolutionProperties) = preSolution
		HideSolutionNode = FALSE
	EndGlobalSection
	GlobalSection(ExtensibilityGlobals) = postSolution
		SolutionGuid = {BD895050-B7B4-4129-8F89-1816EB0E4EDA}
	EndGlobalSection
EndGlobal
